{
  "name": "json-multiplier",
  "version": "1.0.2",
  "lockfileVersion": 2,
  "requires": true,
  "packages": {
    "": {
      "name": "json-multiplier",
      "version": "1.0.2",
      "license": "MIT",
      "dependencies": {
        "@types/node": "^20.5.6",
        "json-multiplier": "^1.0.1"
      },
      "devDependencies": {}
    },
    "node_modules/@types/node": {
      "version": "20.5.6",
      "resolved": "https://registry.npmjs.org/@types/node/-/node-20.5.6.tgz",
      "integrity": "sha512-Gi5wRGPbbyOTX+4Y2iULQ27oUPrefaB0PxGQJnfyWN3kvEDGM3mIB5M/gQLmitZf7A9FmLeaqxD3L1CXpm3VKQ=="
    },
    "node_modules/json-multiplier": {
      "version": "1.0.1",
      "resolved": "https://registry.npmjs.org/json-multiplier/-/json-multiplier-1.0.1.tgz",
      "integrity": "sha512-mnkK/AbKoqRl9bwhhp2ImqbY9LEA1+ne5MYr5xBMAjN3PS0B6hvjsUf3CXpwegFl5UVNPFPZCTGTWwM4MqQB+w==",
      "dependencies": {
        "@types/node": "^20.5.6"
      }
    }
  },
  "dependencies": {
    "@types/node": {
      "version": "20.5.6",
      "resolved": "https://registry.npmjs.org/@types/node/-/node-20.5.6.tgz",
      "integrity": "sha512-Gi5wRGPbbyOTX+4Y2iULQ27oUPrefaB0PxGQJnfyWN3kvEDGM3mIB5M/gQLmitZf7A9FmLeaqxD3L1CXpm3VKQ=="
    },
    "json-multiplier": {
      "version": "1.0.1",
      "resolved": "https://registry.npmjs.org/json-multiplier/-/json-multiplier-1.0.1.tgz",
      "integrity": "sha512-mnkK/AbKoqRl9bwhhp2ImqbY9LEA1+ne5MYr5xBMAjN3PS0B6hvjsUf3CXpwegFl5UVNPFPZCTGTWwM4MqQB+w==",
      "requires": {
        "@types/node": "^20.5.6"
      }
    }
  }
}
